
Microsoft Visual Studio Solution File, Format Version 12.00
# Visual Studio Version 16
VisualStudioVersion = 16.0.32510.428
MinimumVisualStudioVersion = 10.0.40219.1
Project("{FAE04EC0-301F-11D3-BF4B-00C04F79EFBC}") = "webpack-sandbox", "webpack-sandbox\webpack-sandbox.csproj", "{3A878C8F-B913-4A69-A12F-1C42ED7CA84F}"
EndProject
Global
	GlobalSection(SolutionConfigurationPlatforms) = preSolution
		Debug|Any CPU = Debug|Any CPU
		Release|Any CPU = Release|Any CPU
	EndGlobalSection
	GlobalSection(ProjectConfigurationPlatforms) = postSolution
		{3A878C8F-B913-4A69-A12F-1C42ED7CA84F}.Debug|Any CPU.ActiveCfg = Debug|Any CPU
		{3A878C8F-B913-4A69-A12F-1C42ED7CA84F}.Debug|Any CPU.Build.0 = Debug|Any CPU
		{3A878C8F-B913-4A69-A12F-1C42ED7CA84F}.Release|Any CPU.ActiveCfg = Release|Any CPU
		{3A878C8F-B913-4A69-A12F-1C42ED7CA84F}.Release|Any CPU.Build.0 = Release|Any CPU
	EndGlobalSection
	GlobalSection(SolutionProperties) = preSolution
		HideSolutionNode = FALSE
	EndGlobalSection
	GlobalSection(ExtensibilityGlobals) = postSolution
		SolutionGuid = {16C89D8A-9C31-49EF-A7C1-755A64836B1A}
	EndGlobalSection
EndGlobal
